
Microsoft Visual Studio Solution File, Format Version 12.00
# Visual Studio Version 17
VisualStudioVersion = 17.8.34004.107
MinimumVisualStudioVersion = 10.0.40219.1
Project("{FAE04EC0-301F-11D3-BF4B-00C04F79EFBC}") = "FunctionAppDadosEmpresas", "FunctionAppDadosEmpresas.csproj", "{501D6D62-E881-4E26-A7EE-2E012D41EA8C}"
EndProject
Global
	GlobalSection(SolutionConfigurationPlatforms) = preSolution
		Debug|Any CPU = Debug|Any CPU
		Release|Any CPU = Release|Any CPU
	EndGlobalSection
	GlobalSection(ProjectConfigurationPlatforms) = postSolution
		{501D6D62-E881-4E26-A7EE-2E012D41EA8C}.Debug|Any CPU.ActiveCfg = Debug|Any CPU
		{501D6D62-E881-4E26-A7EE-2E012D41EA8C}.Debug|Any CPU.Build.0 = Debug|Any CPU
		{501D6D62-E881-4E26-A7EE-2E012D41EA8C}.Release|Any CPU.ActiveCfg = Release|Any CPU
		{501D6D62-E881-4E26-A7EE-2E012D41EA8C}.Release|Any CPU.Build.0 = Release|Any CPU
	EndGlobalSection
	GlobalSection(SolutionProperties) = preSolution
		HideSolutionNode = FALSE
	EndGlobalSection
	GlobalSection(ExtensibilityGlobals) = postSolution
		SolutionGuid = {D470A6F8-C5B5-464D-900C-BF983699D802}
	EndGlobalSection
EndGlobal
